
Microsoft Visual Studio Solution File, Format Version 12.00
# Visual Studio Version 16
VisualStudioVersion = 16.0.30621.155
MinimumVisualStudioVersion = 10.0.40219.1
Project("{9A19103F-16F7-4668-BE54-9A1E7A4F7556}") = "DotNetCoreSandBox.Server", "DotNetCoreSandBox.Server\DotNetCoreSandBox.Server.csproj", "{01882988-CF7E-4599-9479-BF15C330C141}"
EndProject
Project("{FAE04EC0-301F-11D3-BF4B-00C04F79EFBC}") = "DotNetCoreSandBox.Target", "DotNetCoreSandBox.Target\DotNetCoreSandBox.Target.csproj", "{6485D1A8-4678-4B14-8981-856904BB4954}"
EndProject
Project("{FAE04EC0-301F-11D3-BF4B-00C04F79EFBC}") = "DotNetCoreSandBox.Plugins.Core.Common", "DotNetCoreSandBox.Plugins.Core.Common\DotNetCoreSandBox.Plugins.Core.Common.csproj", "{7F606D83-9504-4432-AD69-4CB4F0D63077}"
EndProject
Global
	GlobalSection(SolutionConfigurationPlatforms) = preSolution
		Debug|Any CPU = Debug|Any CPU
		Release|Any CPU = Release|Any CPU
	EndGlobalSection
	GlobalSection(ProjectConfigurationPlatforms) = postSolution
		{01882988-CF7E-4599-9479-BF15C330C141}.Debug|Any CPU.ActiveCfg = Debug|Any CPU
		{01882988-CF7E-4599-9479-BF15C330C141}.Debug|Any CPU.Build.0 = Debug|Any CPU
		{01882988-CF7E-4599-9479-BF15C330C141}.Release|Any CPU.ActiveCfg = Release|Any CPU
		{01882988-CF7E-4599-9479-BF15C330C141}.Release|Any CPU.Build.0 = Release|Any CPU
		{6485D1A8-4678-4B14-8981-856904BB4954}.Debug|Any CPU.ActiveCfg = Debug|Any CPU
		{6485D1A8-4678-4B14-8981-856904BB4954}.Debug|Any CPU.Build.0 = Debug|Any CPU
		{6485D1A8-4678-4B14-8981-856904BB4954}.Release|Any CPU.ActiveCfg = Release|Any CPU
		{6485D1A8-4678-4B14-8981-856904BB4954}.Release|Any CPU.Build.0 = Release|Any CPU
		{7F606D83-9504-4432-AD69-4CB4F0D63077}.Debug|Any CPU.ActiveCfg = Debug|Any CPU
		{7F606D83-9504-4432-AD69-4CB4F0D63077}.Debug|Any CPU.Build.0 = Debug|Any CPU
		{7F606D83-9504-4432-AD69-4CB4F0D63077}.Release|Any CPU.ActiveCfg = Release|Any CPU
		{7F606D83-9504-4432-AD69-4CB4F0D63077}.Release|Any CPU.Build.0 = Release|Any CPU
	EndGlobalSection
	GlobalSection(SolutionProperties) = preSolution
		HideSolutionNode = FALSE
	EndGlobalSection
	GlobalSection(ExtensibilityGlobals) = postSolution
		SolutionGuid = {2E142ECE-7E91-4563-9786-2DF2A505B092}
	EndGlobalSection
EndGlobal
